# This file was autogenerated by Stack.
# You should not edit this file by hand.
# For more information, please see the documentation at:
#   https://docs.haskellstack.org/en/stable/lock_files

packages:
- completed:
    commit: 1e4f04f0101f6ac4898bd43dcfbb2646d67629ad
    git: https://github.com/flip111/haskell-names.git
    name: haskell-names
    pantry-tree:
      sha256: 664d879062efbe0bae07476deabf308993e86febde073559cfac9fdf465a88cf
      size: 27505
    version: 0.10.0
  original:
    commit: 1e4f04f0101f6ac4898bd43dcfbb2646d67629ad
    git: https://github.com/flip111/haskell-names.git
- completed:
    commit: 05298cda9f284964b524e4ccc154225a22c6e28f
    git: https://github.com/flip111/log-warper.git
    name: log-warper
    pantry-tree:
      sha256: 5c56e9e6b0e117cec03c00cb6ea729a0f2211343499853994941edb5411c5e64
      size: 2606
    version: 1.9.0
  original:
    commit: 05298cda9f284964b524e4ccc154225a22c6e28f
    git: https://github.com/flip111/log-warper.git
snapshots:
- completed:
    sha256: 1fc72fa74175fa3937b04c648229d601074183539a6f3d5cd49e99561873d79f
    size: 640039
    url: https://raw.githubusercontent.com/commercialhaskell/stackage-snapshots/master/lts/21/10.yaml
  original:
    url: https://raw.githubusercontent.com/commercialhaskell/stackage-snapshots/master/lts/21/10.yaml
